
Microsoft Visual Studio Solution File, Format Version 11.00
# Visual C# Express 2010
Project("{FAE04EC0-301F-11D3-BF4B-00C04F79EFBC}") = "Wpf_Using_DependencyProperty", "TestWpfProject\Wpf_Using_DependencyProperty.csproj", "{B512E614-8481-4B06-B6AF-031401147B30}"
EndProject
Global
	GlobalSection(SolutionConfigurationPlatforms) = preSolution
		Debug|x86 = Debug|x86
		Release|x86 = Release|x86
	EndGlobalSection
	GlobalSection(ProjectConfigurationPlatforms) = postSolution
		{B512E614-8481-4B06-B6AF-031401147B30}.Debug|x86.ActiveCfg = Debug|x86
		{B512E614-8481-4B06-B6AF-031401147B30}.Debug|x86.Build.0 = Debug|x86
		{B512E614-8481-4B06-B6AF-031401147B30}.Release|x86.ActiveCfg = Release|x86
		{B512E614-8481-4B06-B6AF-031401147B30}.Release|x86.Build.0 = Release|x86
	EndGlobalSection
	GlobalSection(SolutionProperties) = preSolution
		HideSolutionNode = FALSE
	EndGlobalSection
EndGlobal
